
Microsoft Visual Studio Solution File, Format Version 12.00
# Visual Studio Version 17
VisualStudioVersion = 17.4.33205.214
MinimumVisualStudioVersion = 10.0.40219.1
Project("{9A19103F-16F7-4668-BE54-9A1E7A4F7556}") = "KalikoCMS", "KalikoCMS\KalikoCMS.csproj", "{88F68D30-339D-43DB-9761-575A4A42D146}"
EndProject
Project("{FAE04EC0-301F-11D3-BF4B-00C04F79EFBC}") = "TestSite46", "TestSite46\TestSite46.csproj", "{F0093217-40C2-4D4E-9D1C-643053ABED2B}"
EndProject
Project("{9A19103F-16F7-4668-BE54-9A1E7A4F7556}") = "TestSiteCore", "TestSiteCore\TestSiteCore.csproj", "{8D6E4A1C-F99E-4C87-9717-48DB7715B275}"
EndProject
Project("{2150E333-8FDC-42A3-9474-1A3956D46DE8}") = "Test sites", "Test sites", "{8A8C8E14-0B96-40A1-B99E-87357EE81BD3}"
EndProject
Project("{9A19103F-16F7-4668-BE54-9A1E7A4F7556}") = "KalikoCMS.UI", "KalikoCMS.UI\KalikoCMS.UI.csproj", "{FA811E77-A868-481D-855C-C06096AC2189}"
EndProject
Project("{9A19103F-16F7-4668-BE54-9A1E7A4F7556}") = "KalikoCMS.ServiceLocation.SimpleInjector", "KalikoCMS.ServiceLocator.SimpleInjector\KalikoCMS.ServiceLocation.SimpleInjector.csproj", "{EE852B99-A947-4FC3-A61E-E822E0DA3C3B}"
EndProject
Project("{9A19103F-16F7-4668-BE54-9A1E7A4F7556}") = "KalikoCMS.Data", "KalikoCMS.Data\KalikoCMS.Data.csproj", "{5F0709F7-D179-4F8F-ADDF-028E96E653F1}"
EndProject
Project("{9A19103F-16F7-4668-BE54-9A1E7A4F7556}") = "KalikoCMS.Framework", "KalikoCMS.Framework\KalikoCMS.Framework.csproj", "{E45D85A2-0D75-4FA6-9FA2-0EDB3FEAFC88}"
EndProject
Project("{9A19103F-16F7-4668-BE54-9A1E7A4F7556}") = "KalikoCMS.Logging", "KalikoCMS.Logging\KalikoCMS.Logging.csproj", "{34F1A2C6-4005-4547-A02D-C469F64719F5}"
EndProject
Project("{9A19103F-16F7-4668-BE54-9A1E7A4F7556}") = "KalikoCMS.Configuration", "KalikoCMS.Configuration\KalikoCMS.Configuration.csproj", "{710CDA43-7E1E-49D3-80ED-162CE9124101}"
EndProject
Project("{9A19103F-16F7-4668-BE54-9A1E7A4F7556}") = "KalikoCMS.Legacy", "KalikoCMS.Legacy\KalikoCMS.Legacy.csproj", "{FCEFFA35-DF8D-4453-BE33-0900848D4DD9}"
EndProject
Project("{2150E333-8FDC-42A3-9474-1A3956D46DE8}") = "Core projects", "Core projects", "{24667D6E-E532-4AA7-ABEF-1435FD94E26D}"
EndProject
Project("{2150E333-8FDC-42A3-9474-1A3956D46DE8}") = "Providers", "Providers", "{29FD36F0-F143-4F4F-8808-A7A79D3F0FEE}"
EndProject
Project("{2150E333-8FDC-42A3-9474-1A3956D46DE8}") = "Legacy", "Legacy", "{B2FCAD2C-0FC6-4702-978C-A70B3BC63A93}"
EndProject
Project("{9A19103F-16F7-4668-BE54-9A1E7A4F7556}") = "KalikoCMS.Mvc", "KalikoCMS.Mvc\KalikoCMS.Mvc.csproj", "{D9E5BDBE-9CF7-47D4-9FCE-C1273A50EF1E}"
EndProject
Project("{9A19103F-16F7-4668-BE54-9A1E7A4F7556}") = "KalikoCMS.Data.SqlServer", "KalikoCMS.Data.SqlServer\KalikoCMS.Data.SqlServer.csproj", "{CB91F654-2905-48DF-96F4-F6FB17044ADD}"
EndProject
Project("{2150E333-8FDC-42A3-9474-1A3956D46DE8}") = ".Solution items", ".Solution items", "{7594EE78-2202-4A21-8570-3D03F61C44E1}"
	ProjectSection(SolutionItems) = preProject
		Changes.txt = Changes.txt
		CommonAssemblyInfo.props = CommonAssemblyInfo.props
	EndProjectSection
EndProject
Project("{9A19103F-16F7-4668-BE54-9A1E7A4F7556}") = "KalikoCMS.Data.InMemory", "KalikoCMS.Data.InMemory\KalikoCMS.Data.InMemory.csproj", "{B68A790D-E345-4B3F-A8DD-11D391A37798}"
EndProject
Project("{9A19103F-16F7-4668-BE54-9A1E7A4F7556}") = "KalikoCMS.ServiceLocation", "KalikoCMS.ServiceLocation\KalikoCMS.ServiceLocation.csproj", "{6AC0CD47-1E2A-4759-ADFC-065494A5085C}"
EndProject
Project("{9A19103F-16F7-4668-BE54-9A1E7A4F7556}") = "TestLegacyCore", "TestLegacyCore\TestLegacyCore.csproj", "{1C789ACF-CBC5-4DC7-A58A-D7DEB6B5F01D}"
EndProject
Project("{9A19103F-16F7-4668-BE54-9A1E7A4F7556}") = "KalikoCMS.ServiceLocation.DependencyInjection", "KalikoCMS.ServiceLocation.DependencyInjection\KalikoCMS.ServiceLocation.DependencyInjection.csproj", "{B4EFF5FC-24E3-49DC-9601-8CDF394C251F}"
EndProject
Project("{9A19103F-16F7-4668-BE54-9A1E7A4F7556}") = "KalikoCMS.ServiceLocation.Base", "KalikoCMS.ServiceLocation.Base\KalikoCMS.ServiceLocation.Base.csproj", "{1B920BF6-C752-4E9E-9395-B29D1F8992C2}"
EndProject
Global
	GlobalSection(SolutionConfigurationPlatforms) = preSolution
		Debug|Any CPU = Debug|Any CPU
		Release|Any CPU = Release|Any CPU
	EndGlobalSection
	GlobalSection(ProjectConfigurationPlatforms) = postSolution
		{88F68D30-339D-43DB-9761-575A4A42D146}.Debug|Any CPU.ActiveCfg = Debug|Any CPU
		{88F68D30-339D-43DB-9761-575A4A42D146}.Debug|Any CPU.Build.0 = Debug|Any CPU
		{88F68D30-339D-43DB-9761-575A4A42D146}.Release|Any CPU.ActiveCfg = Release|Any CPU
		{88F68D30-339D-43DB-9761-575A4A42D146}.Release|Any CPU.Build.0 = Release|Any CPU
		{F0093217-40C2-4D4E-9D1C-643053ABED2B}.Debug|Any CPU.ActiveCfg = Debug|Any CPU
		{F0093217-40C2-4D4E-9D1C-643053ABED2B}.Debug|Any CPU.Build.0 = Debug|Any CPU
		{F0093217-40C2-4D4E-9D1C-643053ABED2B}.Release|Any CPU.ActiveCfg = Release|Any CPU
		{F0093217-40C2-4D4E-9D1C-643053ABED2B}.Release|Any CPU.Build.0 = Release|Any CPU
		{8D6E4A1C-F99E-4C87-9717-48DB7715B275}.Debug|Any CPU.ActiveCfg = Debug|Any CPU
		{8D6E4A1C-F99E-4C87-9717-48DB7715B275}.Debug|Any CPU.Build.0 = Debug|Any CPU
		{8D6E4A1C-F99E-4C87-9717-48DB7715B275}.Release|Any CPU.ActiveCfg = Release|Any CPU
		{8D6E4A1C-F99E-4C87-9717-48DB7715B275}.Release|Any CPU.Build.0 = Release|Any CPU
		{FA811E77-A868-481D-855C-C06096AC2189}.Debug|Any CPU.ActiveCfg = Debug|Any CPU
		{FA811E77-A868-481D-855C-C06096AC2189}.Debug|Any CPU.Build.0 = Debug|Any CPU
		{FA811E77-A868-481D-855C-C06096AC2189}.Release|Any CPU.ActiveCfg = Release|Any CPU
		{FA811E77-A868-481D-855C-C06096AC2189}.Release|Any CPU.Build.0 = Release|Any CPU
		{EE852B99-A947-4FC3-A61E-E822E0DA3C3B}.Debug|Any CPU.ActiveCfg = Debug|Any CPU
		{EE852B99-A947-4FC3-A61E-E822E0DA3C3B}.Debug|Any CPU.Build.0 = Debug|Any CPU
		{EE852B99-A947-4FC3-A61E-E822E0DA3C3B}.Release|Any CPU.ActiveCfg = Release|Any CPU
		{EE852B99-A947-4FC3-A61E-E822E0DA3C3B}.Release|Any CPU.Build.0 = Release|Any CPU
		{5F0709F7-D179-4F8F-ADDF-028E96E653F1}.Debug|Any CPU.ActiveCfg = Debug|Any CPU
		{5F0709F7-D179-4F8F-ADDF-028E96E653F1}.Debug|Any CPU.Build.0 = Debug|Any CPU
		{5F0709F7-D179-4F8F-ADDF-028E96E653F1}.Release|Any CPU.ActiveCfg = Release|Any CPU
		{5F0709F7-D179-4F8F-ADDF-028E96E653F1}.Release|Any CPU.Build.0 = Release|Any CPU
		{E45D85A2-0D75-4FA6-9FA2-0EDB3FEAFC88}.Debug|Any CPU.ActiveCfg = Debug|Any CPU
		{E45D85A2-0D75-4FA6-9FA2-0EDB3FEAFC88}.Debug|Any CPU.Build.0 = Debug|Any CPU
		{E45D85A2-0D75-4FA6-9FA2-0EDB3FEAFC88}.Release|Any CPU.ActiveCfg = Release|Any CPU
		{E45D85A2-0D75-4FA6-9FA2-0EDB3FEAFC88}.Release|Any CPU.Build.0 = Release|Any CPU
		{34F1A2C6-4005-4547-A02D-C469F64719F5}.Debug|Any CPU.ActiveCfg = Debug|Any CPU
		{34F1A2C6-4005-4547-A02D-C469F64719F5}.Debug|Any CPU.Build.0 = Debug|Any CPU
		{34F1A2C6-4005-4547-A02D-C469F64719F5}.Release|Any CPU.ActiveCfg = Release|Any CPU
		{34F1A2C6-4005-4547-A02D-C469F64719F5}.Release|Any CPU.Build.0 = Release|Any CPU
		{710CDA43-7E1E-49D3-80ED-162CE9124101}.Debug|Any CPU.ActiveCfg = Debug|Any CPU
		{710CDA43-7E1E-49D3-80ED-162CE9124101}.Debug|Any CPU.Build.0 = Debug|Any CPU
		{710CDA43-7E1E-49D3-80ED-162CE9124101}.Release|Any CPU.ActiveCfg = Release|Any CPU
		{710CDA43-7E1E-49D3-80ED-162CE9124101}.Release|Any CPU.Build.0 = Release|Any CPU
		{FCEFFA35-DF8D-4453-BE33-0900848D4DD9}.Debug|Any CPU.ActiveCfg = Debug|Any CPU
		{FCEFFA35-DF8D-4453-BE33-0900848D4DD9}.Debug|Any CPU.Build.0 = Debug|Any CPU
		{FCEFFA35-DF8D-4453-BE33-0900848D4DD9}.Release|Any CPU.ActiveCfg = Release|Any CPU
		{FCEFFA35-DF8D-4453-BE33-0900848D4DD9}.Release|Any CPU.Build.0 = Release|Any CPU
		{D9E5BDBE-9CF7-47D4-9FCE-C1273A50EF1E}.Debug|Any CPU.ActiveCfg = Debug|Any CPU
		{D9E5BDBE-9CF7-47D4-9FCE-C1273A50EF1E}.Debug|Any CPU.Build.0 = Debug|Any CPU
		{D9E5BDBE-9CF7-47D4-9FCE-C1273A50EF1E}.Release|Any CPU.ActiveCfg = Release|Any CPU
		{D9E5BDBE-9CF7-47D4-9FCE-C1273A50EF1E}.Release|Any CPU.Build.0 = Release|Any CPU
		{CB91F654-2905-48DF-96F4-F6FB17044ADD}.Debug|Any CPU.ActiveCfg = Debug|Any CPU
		{CB91F654-2905-48DF-96F4-F6FB17044ADD}.Debug|Any CPU.Build.0 = Debug|Any CPU
		{CB91F654-2905-48DF-96F4-F6FB17044ADD}.Release|Any CPU.ActiveCfg = Release|Any CPU
		{CB91F654-2905-48DF-96F4-F6FB17044ADD}.Release|Any CPU.Build.0 = Release|Any CPU
		{B68A790D-E345-4B3F-A8DD-11D391A37798}.Debug|Any CPU.ActiveCfg = Debug|Any CPU
		{B68A790D-E345-4B3F-A8DD-11D391A37798}.Debug|Any CPU.Build.0 = Debug|Any CPU
		{B68A790D-E345-4B3F-A8DD-11D391A37798}.Release|Any CPU.ActiveCfg = Release|Any CPU
		{B68A790D-E345-4B3F-A8DD-11D391A37798}.Release|Any CPU.Build.0 = Release|Any CPU
		{6AC0CD47-1E2A-4759-ADFC-065494A5085C}.Debug|Any CPU.ActiveCfg = Debug|Any CPU
		{6AC0CD47-1E2A-4759-ADFC-065494A5085C}.Debug|Any CPU.Build.0 = Debug|Any CPU
		{6AC0CD47-1E2A-4759-ADFC-065494A5085C}.Release|Any CPU.ActiveCfg = Release|Any CPU
		{6AC0CD47-1E2A-4759-ADFC-065494A5085C}.Release|Any CPU.Build.0 = Release|Any CPU
		{1C789ACF-CBC5-4DC7-A58A-D7DEB6B5F01D}.Debug|Any CPU.ActiveCfg = Debug|Any CPU
		{1C789ACF-CBC5-4DC7-A58A-D7DEB6B5F01D}.Debug|Any CPU.Build.0 = Debug|Any CPU
		{1C789ACF-CBC5-4DC7-A58A-D7DEB6B5F01D}.Release|Any CPU.ActiveCfg = Release|Any CPU
		{1C789ACF-CBC5-4DC7-A58A-D7DEB6B5F01D}.Release|Any CPU.Build.0 = Release|Any CPU
		{B4EFF5FC-24E3-49DC-9601-8CDF394C251F}.Debug|Any CPU.ActiveCfg = Debug|Any CPU
		{B4EFF5FC-24E3-49DC-9601-8CDF394C251F}.Debug|Any CPU.Build.0 = Debug|Any CPU
		{B4EFF5FC-24E3-49DC-9601-8CDF394C251F}.Release|Any CPU.ActiveCfg = Release|Any CPU
		{B4EFF5FC-24E3-49DC-9601-8CDF394C251F}.Release|Any CPU.Build.0 = Release|Any CPU
		{1B920BF6-C752-4E9E-9395-B29D1F8992C2}.Debug|Any CPU.ActiveCfg = Debug|Any CPU
		{1B920BF6-C752-4E9E-9395-B29D1F8992C2}.Debug|Any CPU.Build.0 = Debug|Any CPU
		{1B920BF6-C752-4E9E-9395-B29D1F8992C2}.Release|Any CPU.ActiveCfg = Release|Any CPU
		{1B920BF6-C752-4E9E-9395-B29D1F8992C2}.Release|Any CPU.Build.0 = Release|Any CPU
	EndGlobalSection
	GlobalSection(SolutionProperties) = preSolution
		HideSolutionNode = FALSE
	EndGlobalSection
	GlobalSection(NestedProjects) = preSolution
		{88F68D30-339D-43DB-9761-575A4A42D146} = {24667D6E-E532-4AA7-ABEF-1435FD94E26D}
		{F0093217-40C2-4D4E-9D1C-643053ABED2B} = {8A8C8E14-0B96-40A1-B99E-87357EE81BD3}
		{8D6E4A1C-F99E-4C87-9717-48DB7715B275} = {8A8C8E14-0B96-40A1-B99E-87357EE81BD3}
		{FA811E77-A868-481D-855C-C06096AC2189} = {24667D6E-E532-4AA7-ABEF-1435FD94E26D}
		{EE852B99-A947-4FC3-A61E-E822E0DA3C3B} = {29FD36F0-F143-4F4F-8808-A7A79D3F0FEE}
		{5F0709F7-D179-4F8F-ADDF-028E96E653F1} = {24667D6E-E532-4AA7-ABEF-1435FD94E26D}
		{E45D85A2-0D75-4FA6-9FA2-0EDB3FEAFC88} = {24667D6E-E532-4AA7-ABEF-1435FD94E26D}
		{34F1A2C6-4005-4547-A02D-C469F64719F5} = {24667D6E-E532-4AA7-ABEF-1435FD94E26D}
		{710CDA43-7E1E-49D3-80ED-162CE9124101} = {24667D6E-E532-4AA7-ABEF-1435FD94E26D}
		{FCEFFA35-DF8D-4453-BE33-0900848D4DD9} = {B2FCAD2C-0FC6-4702-978C-A70B3BC63A93}
		{D9E5BDBE-9CF7-47D4-9FCE-C1273A50EF1E} = {24667D6E-E532-4AA7-ABEF-1435FD94E26D}
		{CB91F654-2905-48DF-96F4-F6FB17044ADD} = {29FD36F0-F143-4F4F-8808-A7A79D3F0FEE}
		{B68A790D-E345-4B3F-A8DD-11D391A37798} = {29FD36F0-F143-4F4F-8808-A7A79D3F0FEE}
		{6AC0CD47-1E2A-4759-ADFC-065494A5085C} = {24667D6E-E532-4AA7-ABEF-1435FD94E26D}
		{1C789ACF-CBC5-4DC7-A58A-D7DEB6B5F01D} = {8A8C8E14-0B96-40A1-B99E-87357EE81BD3}
		{B4EFF5FC-24E3-49DC-9601-8CDF394C251F} = {29FD36F0-F143-4F4F-8808-A7A79D3F0FEE}
		{1B920BF6-C752-4E9E-9395-B29D1F8992C2} = {29FD36F0-F143-4F4F-8808-A7A79D3F0FEE}
	EndGlobalSection
	GlobalSection(ExtensibilityGlobals) = postSolution
		SolutionGuid = {595B819A-9A82-48E1-AD3E-A10998A4234A}
	EndGlobalSection
EndGlobal
